
Microsoft Visual Studio Solution File, Format Version 12.00
# Visual Studio Version 16
VisualStudioVersion = 16.0.30413.136
MinimumVisualStudioVersion = 10.0.40219.1
Project("{FAE04EC0-301F-11D3-BF4B-00C04F79EFBC}") = "PrintIntoBox", "PrintIntoBox\PrintIntoBox.csproj", "{60E38175-D10D-459F-852D-7D49DF184A5A}"
EndProject
Global
	GlobalSection(SolutionConfigurationPlatforms) = preSolution
		Debug|Any CPU = Debug|Any CPU
		Release|Any CPU = Release|Any CPU
	EndGlobalSection
	GlobalSection(ProjectConfigurationPlatforms) = postSolution
		{60E38175-D10D-459F-852D-7D49DF184A5A}.Debug|Any CPU.ActiveCfg = Debug|Any CPU
		{60E38175-D10D-459F-852D-7D49DF184A5A}.Debug|Any CPU.Build.0 = Debug|Any CPU
		{60E38175-D10D-459F-852D-7D49DF184A5A}.Release|Any CPU.ActiveCfg = Release|Any CPU
		{60E38175-D10D-459F-852D-7D49DF184A5A}.Release|Any CPU.Build.0 = Release|Any CPU
	EndGlobalSection
	GlobalSection(SolutionProperties) = preSolution
		HideSolutionNode = FALSE
	EndGlobalSection
	GlobalSection(ExtensibilityGlobals) = postSolution
		SolutionGuid = {D04FD745-B06A-46A2-8165-D6F47739568A}
	EndGlobalSection
EndGlobal
