
Microsoft Visual Studio Solution File, Format Version 12.00
# Visual Studio Version 16
VisualStudioVersion = 16.0.29911.84
MinimumVisualStudioVersion = 10.0.40219.1
Project("{FAE04EC0-301F-11D3-BF4B-00C04F79EFBC}") = "VarianciaMatrix", "VarianciaMatrix\VarianciaMatrix.csproj", "{DBDE55AF-F9DC-4ED5-823C-D9403FA8EE05}"
EndProject
Project("{FAE04EC0-301F-11D3-BF4B-00C04F79EFBC}") = "VarianciaProba", "VarianciaProba\VarianciaProba.csproj", "{31A1389D-2DA0-4B44-97FB-0A5D839844D6}"
EndProject
Global
	GlobalSection(SolutionConfigurationPlatforms) = preSolution
		Debug|Any CPU = Debug|Any CPU
		Release|Any CPU = Release|Any CPU
	EndGlobalSection
	GlobalSection(ProjectConfigurationPlatforms) = postSolution
		{DBDE55AF-F9DC-4ED5-823C-D9403FA8EE05}.Debug|Any CPU.ActiveCfg = Debug|Any CPU
		{DBDE55AF-F9DC-4ED5-823C-D9403FA8EE05}.Debug|Any CPU.Build.0 = Debug|Any CPU
		{DBDE55AF-F9DC-4ED5-823C-D9403FA8EE05}.Release|Any CPU.ActiveCfg = Release|Any CPU
		{DBDE55AF-F9DC-4ED5-823C-D9403FA8EE05}.Release|Any CPU.Build.0 = Release|Any CPU
		{31A1389D-2DA0-4B44-97FB-0A5D839844D6}.Debug|Any CPU.ActiveCfg = Debug|Any CPU
		{31A1389D-2DA0-4B44-97FB-0A5D839844D6}.Debug|Any CPU.Build.0 = Debug|Any CPU
		{31A1389D-2DA0-4B44-97FB-0A5D839844D6}.Release|Any CPU.ActiveCfg = Release|Any CPU
		{31A1389D-2DA0-4B44-97FB-0A5D839844D6}.Release|Any CPU.Build.0 = Release|Any CPU
	EndGlobalSection
	GlobalSection(SolutionProperties) = preSolution
		HideSolutionNode = FALSE
	EndGlobalSection
	GlobalSection(ExtensibilityGlobals) = postSolution
		SolutionGuid = {CB87235E-A6C1-4C04-BB64-FBC67C4E5118}
	EndGlobalSection
EndGlobal
