
Microsoft Visual Studio Solution File, Format Version 12.00
# Visual Studio Version 16
VisualStudioVersion = 16.0.30413.136
MinimumVisualStudioVersion = 10.0.40219.1
Project("{FAE04EC0-301F-11D3-BF4B-00C04F79EFBC}") = "EMACalculation", "EMACalculation\EMACalculation.csproj", "{E476E45C-559C-41E4-B1C9-93B14EFC9449}"
EndProject
Global
	GlobalSection(SolutionConfigurationPlatforms) = preSolution
		Debug|Any CPU = Debug|Any CPU
		Release|Any CPU = Release|Any CPU
	EndGlobalSection
	GlobalSection(ProjectConfigurationPlatforms) = postSolution
		{E476E45C-559C-41E4-B1C9-93B14EFC9449}.Debug|Any CPU.ActiveCfg = Debug|Any CPU
		{E476E45C-559C-41E4-B1C9-93B14EFC9449}.Debug|Any CPU.Build.0 = Debug|Any CPU
		{E476E45C-559C-41E4-B1C9-93B14EFC9449}.Release|Any CPU.ActiveCfg = Release|Any CPU
		{E476E45C-559C-41E4-B1C9-93B14EFC9449}.Release|Any CPU.Build.0 = Release|Any CPU
	EndGlobalSection
	GlobalSection(SolutionProperties) = preSolution
		HideSolutionNode = FALSE
	EndGlobalSection
	GlobalSection(ExtensibilityGlobals) = postSolution
		SolutionGuid = {909B4176-DAD2-4593-8018-9BBC72C054CD}
	EndGlobalSection
EndGlobal
